
Microsoft Visual Studio Solution File, Format Version 12.00
# Visual Studio Version 17
VisualStudioVersion = 17.10.35027.167
MinimumVisualStudioVersion = 10.0.40219.1
Project("{9A19103F-16F7-4668-BE54-9A1E7A4F7556}") = "PakizaSoft_Assignment_Fahad", "PakizaSoft_Assignment_Fahad\PakizaSoft_Assignment_Fahad.csproj", "{98C0BC06-4E82-4E9E-97D7-4C268FD4ACE4}"
EndProject
Global
	GlobalSection(SolutionConfigurationPlatforms) = preSolution
		Debug|Any CPU = Debug|Any CPU
		Release|Any CPU = Release|Any CPU
	EndGlobalSection
	GlobalSection(ProjectConfigurationPlatforms) = postSolution
		{98C0BC06-4E82-4E9E-97D7-4C268FD4ACE4}.Debug|Any CPU.ActiveCfg = Debug|Any CPU
		{98C0BC06-4E82-4E9E-97D7-4C268FD4ACE4}.Debug|Any CPU.Build.0 = Debug|Any CPU
		{98C0BC06-4E82-4E9E-97D7-4C268FD4ACE4}.Release|Any CPU.ActiveCfg = Release|Any CPU
		{98C0BC06-4E82-4E9E-97D7-4C268FD4ACE4}.Release|Any CPU.Build.0 = Release|Any CPU
	EndGlobalSection
	GlobalSection(SolutionProperties) = preSolution
		HideSolutionNode = FALSE
	EndGlobalSection
	GlobalSection(ExtensibilityGlobals) = postSolution
		SolutionGuid = {E9BE7B43-4C70-43E4-89D4-913BB779857F}
	EndGlobalSection
EndGlobal
